{
  "version": 4,
  "terraform_version": "1.14.3",
  "serial": 7,
  "lineage": "3aa3d3c8-896d-feb5-c13d-1fc940f0d9e6",
  "outputs": {
    "bucket": {
      "value": "knapsack-terraform-state-test-887401460124",
      "type": "string"
    },
    "bucket_name": {
      "value": "knapsack-terraform-state-test-887401460124",
      "type": "string"
    },
    "dynamodb_table": {
      "value": "knapsack-terraform-locks-test-887401460124",
      "type": "string"
    },
    "dynamodb_table_name": {
      "value": "knapsack-terraform-locks-test-887401460124",
      "type": "string"
    }
  },
  "resources": [
    {
      "mode": "managed",
      "type": "aws_dynamodb_table",
      "name": "tf_locks",
      "provider": "provider[\"registry.terraform.io/hashicorp/aws\"]",
      "instances": [
        {
          "schema_version": 1,
          "attributes": {
            "arn": "arn:aws:dynamodb:us-east-2:887401460124:table/knapsack-terraform-locks-test-887401460124",
            "attribute": [
              {
                "name": "LockID",
                "type": "S"
              }
            ],
            "billing_mode": "PAY_PER_REQUEST",
            "deletion_protection_enabled": false,
            "global_secondary_index": [],
            "global_table_witness": [],
            "hash_key": "LockID",
            "id": "knapsack-terraform-locks-test-887401460124",
            "import_table": [],
            "local_secondary_index": [],
            "name": "knapsack-terraform-locks-test-887401460124",
            "on_demand_throughput": [],
            "point_in_time_recovery": [
              {
                "enabled": false,
                "recovery_period_in_days": 0
              }
            ],
            "range_key": null,
            "read_capacity": 0,
            "region": "us-east-2",
            "replica": [],
            "restore_date_time": null,
            "restore_source_name": null,
            "restore_source_table_arn": null,
            "restore_to_latest_time": null,
            "server_side_encryption": [],
            "stream_arn": "",
            "stream_enabled": false,
            "stream_label": "",
            "stream_view_type": "",
            "table_class": "STANDARD",
            "tags": {
              "Environment": "test",
              "Name": "knapsack-terraform-locks-test"
            },
            "tags_all": {
              "Environment": "test",
              "Name": "knapsack-terraform-locks-test"
            },
            "timeouts": null,
            "ttl": [
              {
                "attribute_name": "",
                "enabled": false
              }
            ],
            "warm_throughput": [],
            "write_capacity": 0
          },
          "sensitive_attributes": [],
          "identity_schema_version": 0,
          "private": "eyJlMmJmYjczMC1lY2FhLTExZTYtOGY4OC0zNDM2M2JjN2M0YzAiOnsiY3JlYXRlIjoxODAwMDAwMDAwMDAwLCJkZWxldGUiOjYwMDAwMDAwMDAwMCwidXBkYXRlIjozNjAwMDAwMDAwMDAwfSwic2NoZW1hX3ZlcnNpb24iOiIxIn0="
        }
      ]
    },
    {
      "mode": "managed",
      "type": "aws_s3_bucket",
      "name": "tf_state",
      "provider": "provider[\"registry.terraform.io/hashicorp/aws\"]",
      "instances": []
    }
  ],
  "check_results": null
}
